PODS:
  - CocoaLumberjack (HEAD based on 1.6.2)
  - Lockbox (1.4.4)
  - NBUCore (2.0.0):
    - CocoaLumberjack (~> 1.6.2)
    - Lockbox (~> 1.4.3)
    - NBUCore/Additions
    - NBUCore/Dashboard
    - NBUCore/Helpers
    - NBUCore/UI
  - NBUCore/Additions (2.0.0):
    - CocoaLumberjack (~> 1.6.2)
    - Lockbox (~> 1.4.3)
  - NBUCore/Dashboard (2.0.0):
    - CocoaLumberjack (~> 1.6.2)
    - Lockbox (~> 1.4.3)
  - NBUCore/Helpers (2.0.0):
    - CocoaLumberjack (~> 1.6.2)
    - Lockbox (~> 1.4.3)
  - NBUCore/UI (2.0.0):
    - CocoaLumberjack (~> 1.6.2)
    - Lockbox (~> 1.4.3)

DEPENDENCIES:
  - CocoaLumberjack (HEAD)
  - NBUCore (from `../`)

EXTERNAL SOURCES:
  NBUCore:
    :path: ../

SPEC CHECKSUMS:
  CocoaLumberjack: 2619775f386bbec1e870eddb5040f870c68726b1
  Lockbox: 917945068ab8b0802e65527f225e6480937b2106
  NBUCore: a2c469207e96f9b582411794ac65f72a25d81584

COCOAPODS: 0.25.0
